// !$*UTF8*$!
{
	archiveVersion = 1;
	classes = {
	};
	objectVersion = 50;
	objects = {

/* Begin PBXBuildFile section */
		7C4AB910994D1AEF44723512 /* libPods-ListenToNBATests.a in Frameworks */ = {isa = PBXBuildFile; fileRef = A048946AAF958D12BF8E40B5 /* libPods-ListenToNBATests.a */; };
		A92B5F0D219AA7BD00FBAA24 /* WidgetGameTableViewCell.m in Sources */ = {isa = PBXBuildFile; fileRef = A92B5F0B219AA7BD00FBAA24 /* WidgetGameTableViewCell.m */; };
		A92B5F0E219AA7BD00FBAA24 /* WidgetGameTableViewCell.xib in Resources */ = {isa = PBXBuildFile; fileRef = A92B5F0C219AA7BD00FBAA24 /* WidgetGameTableViewCell.xib */; };
		A92B5F0F219AAD9D00FBAA24 /* Assets.xcassets in Resources */ = {isa = PBXBuildFile; fileRef = A9DA98C02176CBAC00B27A6F /* Assets.xcassets */; };
		A9363D5B219943DA006F9123 /* NotificationCenter.framework in Frameworks */ = {isa = PBXBuildFile; fileRef = A9363D5A219943DA006F9123 /* NotificationCenter.framework */; };
		A9363D5F219943DA006F9123 /* TodayViewController.m in Sources */ = {isa = PBXBuildFile; fileRef = A9363D5E219943DA006F9123 /* TodayViewController.m */; };
		A9363D62219943DA006F9123 /* MainInterface.storyboard in Resources */ = {isa = PBXBuildFile; fileRef = A9363D60219943DA006F9123 /* MainInterface.storyboard */; };
		A9363D66219943DA006F9123 /* LearnWidget.appex in Embed App Extensions */ = {isa = PBXBuildFile; fileRef = A9363D59219943DA006F9123 /* LearnWidget.appex */; settings = {ATTRIBUTES = (RemoveHeadersOnCopy, ); }; };
		A96E1344217DBD2100B604DD /* BaseViewController.m in Sources */ = {isa = PBXBuildFile; fileRef = A96E133E217DBD1F00B604DD /* BaseViewController.m */; };
		A96E1345217DBD2100B604DD /* BaseNavgationViewController.m in Sources */ = {isa = PBXBuildFile; fileRef = A96E1342217DBD2100B604DD /* BaseNavgationViewController.m */; };
		A96E1346217DBD2100B604DD /* UIViewController+PopBlock.m in Sources */ = {isa = PBXBuildFile; fileRef = A96E1343217DBD2100B604DD /* UIViewController+PopBlock.m */; };
		A96E134E217DC3B600B604DD /* WebViewController.m in Sources */ = {isa = PBXBuildFile; fileRef = A96E134C217DC3B600B604DD /* WebViewController.m */; };
		A96E134F217DC3B600B604DD /* WebViewController.xib in Resources */ = {isa = PBXBuildFile; fileRef = A96E134D217DC3B600B604DD /* WebViewController.xib */; };
		A96E135A217E005100B604DD /* HW3DBannerView.m in Sources */ = {isa = PBXBuildFile; fileRef = A96E1356217E005000B604DD /* HW3DBannerView.m */; };
		A96E135B217E005100B604DD /* UIView+Banner.m in Sources */ = {isa = PBXBuildFile; fileRef = A96E1359217E005100B604DD /* UIView+Banner.m */; };
		A9DA98B92176CBAA00B27A6F /* AppDelegate.m in Sources */ = {isa = PBXBuildFile; fileRef = A9DA98B82176CBAA00B27A6F /* AppDelegate.m */; };
		A9DA98BF2176CBAA00B27A6F /* Main.storyboard in Resources */ = {isa = PBXBuildFile; fileRef = A9DA98BD2176CBAA00B27A6F /* Main.storyboard */; };
		A9DA98C12176CBAC00B27A6F /* Assets.xcassets in Resources */ = {isa = PBXBuildFile; fileRef = A9DA98C02176CBAC00B27A6F /* Assets.xcassets */; };
		A9DA98C42176CBAC00B27A6F /* LaunchScreen.storyboard in Resources */ = {isa = PBXBuildFile; fileRef = A9DA98C22176CBAC00B27A6F /* LaunchScreen.storyboard */; };
		A9DA98C72176CBAC00B27A6F /* main.m in Sources */ = {isa = PBXBuildFile; fileRef = A9DA98C62176CBAC00B27A6F /* main.m */; };
		A9DA98D12176CBAD00B27A6F /* ListenToNBATests.m in Sources */ = {isa = PBXBuildFile; fileRef = A9DA98D02176CBAD00B27A6F /* ListenToNBATests.m */; };
		A9DA98DC2176CBAD00B27A6F /* ListenToNBAUITests.m in Sources */ = {isa = PBXBuildFile; fileRef = A9DA98DB2176CBAD00B27A6F /* ListenToNBAUITests.m */; };
		A9DA98EB2176D2F700B27A6F /* AVFoundation.framework in Frameworks */ = {isa = PBXBuildFile; fileRef = A9DA98EA2176D2F700B27A6F /* AVFoundation.framework */; };
		A9DA98FC2179B5B300B27A6F /* GameTableViewCell.m in Sources */ = {isa = PBXBuildFile; fileRef = A9DA98FA2179B5B300B27A6F /* GameTableViewCell.m */; };
		A9DA98FD2179B5B300B27A6F /* GameTableViewCell.xib in Resources */ = {isa = PBXBuildFile; fileRef = A9DA98FB2179B5B300B27A6F /* GameTableViewCell.xib */; };
		A9DA99142179BECF00B27A6F /* CommonUtil.m in Sources */ = {isa = PBXBuildFile; fileRef = A9DA99012179BECF00B27A6F /* CommonUtil.m */; };
		A9DA99152179BECF00B27A6F /* UIImage+Extension.m in Sources */ = {isa = PBXBuildFile; fileRef = A9DA99072179BECF00B27A6F /* UIImage+Extension.m */; };
		A9DA99162179BECF00B27A6F /* NSString+Util.m in Sources */ = {isa = PBXBuildFile; fileRef = A9DA99082179BECF00B27A6F /* NSString+Util.m */; };
		A9DA99172179BECF00B27A6F /* UIImage+Util.m in Sources */ = {isa = PBXBuildFile; fileRef = A9DA990A2179BECF00B27A6F /* UIImage+Util.m */; };
		A9DA99182179BECF00B27A6F /* NSDate+Extension.m in Sources */ = {isa = PBXBuildFile; fileRef = A9DA990B2179BECF00B27A6F /* NSDate+Extension.m */; };
		A9DA99192179BECF00B27A6F /* UIColor+Extension.m in Sources */ = {isa = PBXBuildFile; fileRef = A9DA990C2179BECF00B27A6F /* UIColor+Extension.m */; };
		A9DA991A2179BECF00B27A6F /* UIButton+Badge.m in Sources */ = {isa = PBXBuildFile; fileRef = A9DA990E2179BECF00B27A6F /* UIButton+Badge.m */; };
		A9DA991B2179BECF00B27A6F /* UIBarButtonItem+Extension.m in Sources */ = {isa = PBXBuildFile; fileRef = A9DA99112179BECF00B27A6F /* UIBarButtonItem+Extension.m */; };
		A9DA991C2179BECF00B27A6F /* UIView+Extension.m in Sources */ = {isa = PBXBuildFile; fileRef = A9DA99122179BECF00B27A6F /* UIView+Extension.m */; };
		A9DA991D2179BECF00B27A6F /* UIButton+Util.m in Sources */ = {isa = PBXBuildFile; fileRef = A9DA99132179BECF00B27A6F /* UIButton+Util.m */; };
		A9DA99262179BFD300B27A6F /* HomeViewController.m in Sources */ = {isa = PBXBuildFile; fileRef = A9DA99242179BFD300B27A6F /* HomeViewController.m */; };
		A9DA99272179BFD300B27A6F /* HomeViewController.xib in Resources */ = {isa = PBXBuildFile; fileRef = A9DA99252179BFD300B27A6F /* HomeViewController.xib */; };
		A9DA992A2179C31800B27A6F /* BaseModel.m in Sources */ = {isa = PBXBuildFile; fileRef = A9DA99292179C31800B27A6F /* BaseModel.m */; };
		A9DA992D2179C33300B27A6F /* GameModel.m in Sources */ = {isa = PBXBuildFile; fileRef = A9DA992C2179C33300B27A6F /* GameModel.m */; };
		A9DA99312179D51800B27A6F /* LiveViewController.m in Sources */ = {isa = PBXBuildFile; fileRef = A9DA99302179D51800B27A6F /* LiveViewController.m */; };
		A9DA99342179D93400B27A6F /* MBProgressHUD+MBProgressHUD_Util.m in Sources */ = {isa = PBXBuildFile; fileRef = A9DA99332179D93400B27A6F /* MBProgressHUD+MBProgressHUD_Util.m */; };
		B99E26B445F32DED9B0C98CE /* libPods-ListenToNBAUITests.a in Frameworks */ = {isa = PBXBuildFile; fileRef = 360B3F959F7A76969B6346B2 /* libPods-ListenToNBAUITests.a */; };
		E7697DA201CD6FDBD187AC13 /* libPods-ListenToNBA.a in Frameworks */ = {isa = PBXBuildFile; fileRef = 404759699FC8ECA5E928C43D /* libPods-ListenToNBA.a */; };
/* End PBXBuildFile section */

/* Begin PBXContainerItemProxy section */
		A9363D64219943DA006F9123 /* PBXContainerItemProxy */ = {
			isa = PBXContainerItemProxy;
			containerPortal = A9DA98AC2176CBAA00B27A6F /* Project object */;
			proxyType = 1;
			remoteGlobalIDString = A9363D58219943DA006F9123;
			remoteInfo = LearnWidget;
		};
		A9DA98CD2176CBAD00B27A6F /* PBXContainerItemProxy */ = {
			isa = PBXContainerItemProxy;
			containerPortal = A9DA98AC2176CBAA00B27A6F /* Project object */;
			proxyType = 1;
			remoteGlobalIDString = A9DA98B32176CBAA00B27A6F;
			remoteInfo = ListenToNBA;
		};
		A9DA98D82176CBAD00B27A6F /* PBXContainerItemProxy */ = {
			isa = PBXContainerItemProxy;
			containerPortal = A9DA98AC2176CBAA00B27A6F /* Project object */;
			proxyType = 1;
			remoteGlobalIDString = A9DA98B32176CBAA00B27A6F;
			remoteInfo = ListenToNBA;
		};
/* End PBXContainerItemProxy section */

/* Begin PBXCopyFilesBuildPhase section */
		A9363D6A219943DA006F9123 /* Embed App Extensions */ = {
			isa = PBXCopyFilesBuildPhase;
			buildActionMask = 2147483647;
			dstPath = "";
			dstSubfolderSpec = 13;
			files = (
				A9363D66219943DA006F9123 /* LearnWidget.appex in Embed App Extensions */,
			);
			name = "Embed App Extensions";
			runOnlyForDeploymentPostprocessing = 0;
		};
/* End PBXCopyFilesBuildPhase section */

/* Begin PBXFileReference section */
		0B841110570B5DEC7114630D /* Pods-ListenToNBA.release.xcconfig */ = {isa = PBXFileReference; includeInIndex = 1; lastKnownFileType = text.xcconfig; name = "Pods-ListenToNBA.release.xcconfig"; path = "Pods/Target Support Files/Pods-ListenToNBA/Pods-ListenToNBA.release.xcconfig"; sourceTree = "<group>"; };
		127E833513C995FE11038B46 /* Pods-ListenToNBAUITests.release.xcconfig */ = {isa = PBXFileReference; includeInIndex = 1; lastKnownFileType = text.xcconfig; name = "Pods-ListenToNBAUITests.release.xcconfig"; path = "Pods/Target Support Files/Pods-ListenToNBAUITests/Pods-ListenToNBAUITests.release.xcconfig"; sourceTree = "<group>"; };
		2D2C428CF2697A57F94B8546 /* Pods-ListenToNBAUITests.debug.xcconfig */ = {isa = PBXFileReference; includeInIndex = 1; lastKnownFileType = text.xcconfig; name = "Pods-ListenToNBAUITests.debug.xcconfig"; path = "Pods/Target Support Files/Pods-ListenToNBAUITests/Pods-ListenToNBAUITests.debug.xcconfig"; sourceTree = "<group>"; };
		360B3F959F7A76969B6346B2 /* libPods-ListenToNBAUITests.a */ = {isa = PBXFileReference; explicitFileType = archive.ar; includeInIndex = 0; path = "libPods-ListenToNBAUITests.a"; sourceTree = BUILT_PRODUCTS_DIR; };
		404759699FC8ECA5E928C43D /* libPods-ListenToNBA.a */ = {isa = PBXFileReference; explicitFileType = archive.ar; includeInIndex = 0; path = "libPods-ListenToNBA.a"; sourceTree = BUILT_PRODUCTS_DIR; };
		59CBAB5FF31108D3B53E3827 /* Pods-ListenToNBA.debug.xcconfig */ = {isa = PBXFileReference; includeInIndex = 1; lastKnownFileType = text.xcconfig; name = "Pods-ListenToNBA.debug.xcconfig"; path = "Pods/Target Support Files/Pods-ListenToNBA/Pods-ListenToNBA.debug.xcconfig"; sourceTree = "<group>"; };
		6ED66EA4F66EFE964D2E5C68 /* Pods-ListenToNBATests.debug.xcconfig */ = {isa = PBXFileReference; includeInIndex = 1; lastKnownFileType = text.xcconfig; name = "Pods-ListenToNBATests.debug.xcconfig"; path = "Pods/Target Support Files/Pods-ListenToNBATests/Pods-ListenToNBATests.debug.xcconfig"; sourceTree = "<group>"; };
		A048946AAF958D12BF8E40B5 /* libPods-ListenToNBATests.a */ = {isa = PBXFileReference; explicitFileType = archive.ar; includeInIndex = 0; path = "libPods-ListenToNBATests.a"; sourceTree = BUILT_PRODUCTS_DIR; };
		A92B5F0A219AA7BD00FBAA24 /* WidgetGameTableViewCell.h */ = {isa = PBXFileReference; lastKnownFileType = sourcecode.c.h; path = WidgetGameTableViewCell.h; sourceTree = "<group>"; };
		A92B5F0B219AA7BD00FBAA24 /* WidgetGameTableViewCell.m */ = {isa = PBXFileReference; lastKnownFileType = sourcecode.c.objc; path = WidgetGameTableViewCell.m; sourceTree = "<group>"; };
		A92B5F0C219AA7BD00FBAA24 /* WidgetGameTableViewCell.xib */ = {isa = PBXFileReference; lastKnownFileType = file.xib; path = WidgetGameTableViewCell.xib; sourceTree = "<group>"; };
		A9363D59219943DA006F9123 /* LearnWidget.appex */ = {isa = PBXFileReference; explicitFileType = "wrapper.app-extension"; includeInIndex = 0; path = LearnWidget.appex; sourceTree = BUILT_PRODUCTS_DIR; };
		A9363D5A219943DA006F9123 /* NotificationCenter.framework */ = {isa = PBXFileReference; lastKnownFileType = wrapper.framework; name = NotificationCenter.framework; path = System/Library/Frameworks/NotificationCenter.framework; sourceTree = SDKROOT; };
		A9363D5D219943DA006F9123 /* TodayViewController.h */ = {isa = PBXFileReference; lastKnownFileType = sourcecode.c.h; path = TodayViewController.h; sourceTree = "<group>"; };
		A9363D5E219943DA006F9123 /* TodayViewController.m */ = {isa = PBXFileReference; lastKnownFileType = sourcecode.c.objc; path = TodayViewController.m; sourceTree = "<group>"; };
		A9363D61219943DA006F9123 /* Base */ = {isa = PBXFileReference; lastKnownFileType = file.storyboard; name = Base; path = Base.lproj/MainInterface.storyboard; sourceTree = "<group>"; };
		A9363D63219943DA006F9123 /* Info.plist */ = {isa = PBXFileReference; lastKnownFileType = text.plist.xml; path = Info.plist; sourceTree = "<group>"; };
		A9363D6B21994952006F9123 /* ListenToNBA.entitlements */ = {isa = PBXFileReference; lastKnownFileType = text.plist.entitlements; path = ListenToNBA.entitlements; sourceTree = "<group>"; };
		A9363D6C21995B3B006F9123 /* LearnWidget.entitlements */ = {isa = PBXFileReference; lastKnownFileType = text.plist.entitlements; path = LearnWidget.entitlements; sourceTree = "<group>"; };
		A96E133E217DBD1F00B604DD /* BaseViewController.m */ = {isa = PBXFileReference; fileEncoding = 4; lastKnownFileType = sourcecode.c.objc; path = BaseViewController.m; sourceTree = "<group>"; };
		A96E133F217DBD2000B604DD /* BaseViewController.h */ = {isa = PBXFileReference; fileEncoding = 4; lastKnownFileType = sourcecode.c.h; path = BaseViewController.h; sourceTree = "<group>"; };
		A96E1340217DBD2000B604DD /* UIViewController+PopBlock.h */ = {isa = PBXFileReference; fileEncoding = 4; lastKnownFileType = sourcecode.c.h; path = "UIViewController+PopBlock.h"; sourceTree = "<group>"; };
		A96E1341217DBD2000B604DD /* BaseNavgationViewController.h */ = {isa = PBXFileReference; fileEncoding = 4; lastKnownFileType = sourcecode.c.h; path = BaseNavgationViewController.h; sourceTree = "<group>"; };
		A96E1342217DBD2100B604DD /* BaseNavgationViewController.m */ = {isa = PBXFileReference; fileEncoding = 4; lastKnownFileType = sourcecode.c.objc; path = BaseNavgationViewController.m; sourceTree = "<group>"; };
		A96E1343217DBD2100B604DD /* UIViewController+PopBlock.m */ = {isa = PBXFileReference; fileEncoding = 4; lastKnownFileType = sourcecode.c.objc; path = "UIViewController+PopBlock.m"; sourceTree = "<group>"; };
		A96E134B217DC3B600B604DD /* WebViewController.h */ = {isa = PBXFileReference; lastKnownFileType = sourcecode.c.h; path = WebViewController.h; sourceTree = "<group>"; };
		A96E134C217DC3B600B604DD /* WebViewController.m */ = {isa = PBXFileReference; lastKnownFileType = sourcecode.c.objc; path = WebViewController.m; sourceTree = "<group>"; };
		A96E134D217DC3B600B604DD /* WebViewController.xib */ = {isa = PBXFileReference; lastKnownFileType = file.xib; path = WebViewController.xib; sourceTree = "<group>"; };
		A96E1356217E005000B604DD /* HW3DBannerView.m */ = {isa = PBXFileReference; fileEncoding = 4; lastKnownFileType = sourcecode.c.objc; path = HW3DBannerView.m; sourceTree = "<group>"; };
		A96E1357217E005000B604DD /* HW3DBannerView.h */ = {isa = PBXFileReference; fileEncoding = 4; lastKnownFileType = sourcecode.c.h; path = HW3DBannerView.h; sourceTree = "<group>"; };
		A96E1358217E005100B604DD /* UIView+Banner.h */ = {isa = PBXFileReference; fileEncoding = 4; lastKnownFileType = sourcecode.c.h; path = "UIView+Banner.h"; sourceTree = "<group>"; };
		A96E1359217E005100B604DD /* UIView+Banner.m */ = {isa = PBXFileReference; fileEncoding = 4; lastKnownFileType = sourcecode.c.objc; path = "UIView+Banner.m"; sourceTree = "<group>"; };
		A9DA98B42176CBAA00B27A6F /* ListenToNBA.app */ = {isa = PBXFileReference; explicitFileType = wrapper.application; includeInIndex = 0; path = ListenToNBA.app; sourceTree = BUILT_PRODUCTS_DIR; };
		A9DA98B72176CBAA00B27A6F /* AppDelegate.h */ = {isa = PBXFileReference; lastKnownFileType = sourcecode.c.h; path = AppDelegate.h; sourceTree = "<group>"; };
		A9DA98B82176CBAA00B27A6F /* AppDelegate.m */ = {isa = PBXFileReference; lastKnownFileType = sourcecode.c.objc; path = AppDelegate.m; sourceTree = "<group>"; };
		A9DA98BE2176CBAA00B27A6F /* Base */ = {isa = PBXFileReference; lastKnownFileType = file.storyboard; name = Base; path = Base.lproj/Main.storyboard; sourceTree = "<group>"; };
		A9DA98C02176CBAC00B27A6F /* Assets.xcassets */ = {isa = PBXFileReference; lastKnownFileType = folder.assetcatalog; path = Assets.xcassets; sourceTree = "<group>"; };
		A9DA98C32176CBAC00B27A6F /* Base */ = {isa = PBXFileReference; lastKnownFileType = file.storyboard; name = Base; path = Base.lproj/LaunchScreen.storyboard; sourceTree = "<group>"; };
		A9DA98C52176CBAC00B27A6F /* Info.plist */ = {isa = PBXFileReference; lastKnownFileType = text.plist.xml; path = Info.plist; sourceTree = "<group>"; };
		A9DA98C62176CBAC00B27A6F /* main.m */ = {isa = PBXFileReference; lastKnownFileType = sourcecode.c.objc; path = main.m; sourceTree = "<group>"; };
		A9DA98CC2176CBAD00B27A6F /* ListenToNBATests.xctest */ = {isa = PBXFileReference; explicitFileType = wrapper.cfbundle; includeInIndex = 0; path = ListenToNBATests.xctest; sourceTree = BUILT_PRODUCTS_DIR; };
		A9DA98D02176CBAD00B27A6F /* ListenToNBATests.m */ = {isa = PBXFileReference; lastKnownFileType = sourcecode.c.objc; path = ListenToNBATests.m; sourceTree = "<group>"; };
		A9DA98D22176CBAD00B27A6F /* Info.plist */ = {isa = PBXFileReference; lastKnownFileType = text.plist.xml; path = Info.plist; sourceTree = "<group>"; };
		A9DA98D72176CBAD00B27A6F /* ListenToNBAUITests.xctest */ = {isa = PBXFileReference; explicitFileType = wrapper.cfbundle; includeInIndex = 0; path = ListenToNBAUITests.xctest; sourceTree = BUILT_PRODUCTS_DIR; };
		A9DA98DB2176CBAD00B27A6F /* ListenToNBAUITests.m */ = {isa = PBXFileReference; lastKnownFileType = sourcecode.c.objc; path = ListenToNBAUITests.m; sourceTree = "<group>"; };
		A9DA98DD2176CBAD00B27A6F /* Info.plist */ = {isa = PBXFileReference; lastKnownFileType = text.plist.xml; path = Info.plist; sourceTree = "<group>"; };
		A9DA98EA2176D2F700B27A6F /* AVFoundation.framework */ = {isa = PBXFileReference; lastKnownFileType = wrapper.framework; name = AVFoundation.framework; path = System/Library/Frameworks/AVFoundation.framework; sourceTree = SDKROOT; };
		A9DA98F92179B5B300B27A6F /* GameTableViewCell.h */ = {isa = PBXFileReference; lastKnownFileType = sourcecode.c.h; path = GameTableViewCell.h; sourceTree = "<group>"; };
		A9DA98FA2179B5B300B27A6F /* GameTableViewCell.m */ = {isa = PBXFileReference; lastKnownFileType = sourcecode.c.objc; path = GameTableViewCell.m; sourceTree = "<group>"; };
		A9DA98FB2179B5B300B27A6F /* GameTableViewCell.xib */ = {isa = PBXFileReference; lastKnownFileType = file.xib; path = GameTableViewCell.xib; sourceTree = "<group>"; };
		A9DA98FE2179BCCB00B27A6F /* PrefixHeader.pch */ = {isa = PBXFileReference; lastKnownFileType = sourcecode.c.h; path = PrefixHeader.pch; sourceTree = "<group>"; };
		A9DA99002179BECF00B27A6F /* UIButton+Badge.h */ = {isa = PBXFileReference; fileEncoding = 4; lastKnownFileType = sourcecode.c.h; path = "UIButton+Badge.h"; sourceTree = "<group>"; };
		A9DA99012179BECF00B27A6F /* CommonUtil.m */ = {isa = PBXFileReference; fileEncoding = 4; lastKnownFileType = sourcecode.c.objc; path = CommonUtil.m; sourceTree = "<group>"; };
		A9DA99022179BECF00B27A6F /* UIColor+Extension.h */ = {isa = PBXFileReference; fileEncoding = 4; lastKnownFileType = sourcecode.c.h; path = "UIColor+Extension.h"; sourceTree = "<group>"; };
		A9DA99032179BECF00B27A6F /* NSDate+Extension.h */ = {isa = PBXFileReference; fileEncoding = 4; lastKnownFileType = sourcecode.c.h; path = "NSDate+Extension.h"; sourceTree = "<group>"; };
		A9DA99042179BECF00B27A6F /* UIImage+Util.h */ = {isa = PBXFileReference; fileEncoding = 4; lastKnownFileType = sourcecode.c.h; path = "UIImage+Util.h"; sourceTree = "<group>"; };
		A9DA99052179BECF00B27A6F /* UIView+Extension.h */ = {isa = PBXFileReference; fileEncoding = 4; lastKnownFileType = sourcecode.c.h; path = "UIView+Extension.h"; sourceTree = "<group>"; };
		A9DA99062179BECF00B27A6F /* UIBarButtonItem+Extension.h */ = {isa = PBXFileReference; fileEncoding = 4; lastKnownFileType = sourcecode.c.h; path = "UIBarButtonItem+Extension.h"; sourceTree = "<group>"; };
		A9DA99072179BECF00B27A6F /* UIImage+Extension.m */ = {isa = PBXFileReference; fileEncoding = 4; lastKnownFileType = sourcecode.c.objc; path = "UIImage+Extension.m"; sourceTree = "<group>"; };
		A9DA99082179BECF00B27A6F /* NSString+Util.m */ = {isa = PBXFileReference; fileEncoding = 4; lastKnownFileType = sourcecode.c.objc; path = "NSString+Util.m"; sourceTree = "<group>"; };
		A9DA99092179BECF00B27A6F /* UIButton+Util.h */ = {isa = PBXFileReference; fileEncoding = 4; lastKnownFileType = sourcecode.c.h; path = "UIButton+Util.h"; sourceTree = "<group>"; };
		A9DA990A2179BECF00B27A6F /* UIImage+Util.m */ = {isa = PBXFileReference; fileEncoding = 4; lastKnownFileType = sourcecode.c.objc; path = "UIImage+Util.m"; sourceTree = "<group>"; };
		A9DA990B2179BECF00B27A6F /* NSDate+Extension.m */ = {isa = PBXFileReference; fileEncoding = 4; lastKnownFileType = sourcecode.c.objc; path = "NSDate+Extension.m"; sourceTree = "<group>"; };
		A9DA990C2179BECF00B27A6F /* UIColor+Extension.m */ = {isa = PBXFileReference; fileEncoding = 4; lastKnownFileType = sourcecode.c.objc; path = "UIColor+Extension.m"; sourceTree = "<group>"; };
		A9DA990D2179BECF00B27A6F /* CommonUtil.h */ = {isa = PBXFileReference; fileEncoding = 4; lastKnownFileType = sourcecode.c.h; path = CommonUtil.h; sourceTree = "<group>"; };
		A9DA990E2179BECF00B27A6F /* UIButton+Badge.m */ = {isa = PBXFileReference; fileEncoding = 4; lastKnownFileType = sourcecode.c.objc; path = "UIButton+Badge.m"; sourceTree = "<group>"; };
		A9DA990F2179BECF00B27A6F /* NSString+Util.h */ = {isa = PBXFileReference; fileEncoding = 4; lastKnownFileType = sourcecode.c.h; path = "NSString+Util.h"; sourceTree = "<group>"; };
		A9DA99102179BECF00B27A6F /* UIImage+Extension.h */ = {isa = PBXFileReference; fileEncoding = 4; lastKnownFileType = sourcecode.c.h; path = "UIImage+Extension.h"; sourceTree = "<group>"; };
		A9DA99112179BECF00B27A6F /* UIBarButtonItem+Extension.m */ = {isa = PBXFileReference; fileEncoding = 4; lastKnownFileType = sourcecode.c.objc; path = "UIBarButtonItem+Extension.m"; sourceTree = "<group>"; };
		A9DA99122179BECF00B27A6F /* UIView+Extension.m */ = {isa = PBXFileReference; fileEncoding = 4; lastKnownFileType = sourcecode.c.objc; path = "UIView+Extension.m"; sourceTree = "<group>"; };
		A9DA99132179BECF00B27A6F /* UIButton+Util.m */ = {isa = PBXFileReference; fileEncoding = 4; lastKnownFileType = sourcecode.c.objc; path = "UIButton+Util.m"; sourceTree = "<group>"; };
		A9DA99232179BFD300B27A6F /* HomeViewController.h */ = {isa = PBXFileReference; lastKnownFileType = sourcecode.c.h; path = HomeViewController.h; sourceTree = "<group>"; };
		A9DA99242179BFD300B27A6F /* HomeViewController.m */ = {isa = PBXFileReference; lastKnownFileType = sourcecode.c.objc; path = HomeViewController.m; sourceTree = "<group>"; };
		A9DA99252179BFD300B27A6F /* HomeViewController.xib */ = {isa = PBXFileReference; lastKnownFileType = file.xib; path = HomeViewController.xib; sourceTree = "<group>"; };
		A9DA99282179C31800B27A6F /* BaseModel.h */ = {isa = PBXFileReference; lastKnownFileType = sourcecode.c.h; path = BaseModel.h; sourceTree = "<group>"; };
		A9DA99292179C31800B27A6F /* BaseModel.m */ = {isa = PBXFileReference; lastKnownFileType = sourcecode.c.objc; path = BaseModel.m; sourceTree = "<group>"; };
		A9DA992B2179C33300B27A6F /* GameModel.h */ = {isa = PBXFileReference; lastKnownFileType = sourcecode.c.h; path = GameModel.h; sourceTree = "<group>"; };
		A9DA992C2179C33300B27A6F /* GameModel.m */ = {isa = PBXFileReference; lastKnownFileType = sourcecode.c.objc; path = GameModel.m; sourceTree = "<group>"; };
		A9DA992F2179D51800B27A6F /* LiveViewController.h */ = {isa = PBXFileReference; lastKnownFileType = sourcecode.c.h; path = LiveViewController.h; sourceTree = "<group>"; };
		A9DA99302179D51800B27A6F /* LiveViewController.m */ = {isa = PBXFileReference; lastKnownFileType = sourcecode.c.objc; path = LiveViewController.m; sourceTree = "<group>"; };
		A9DA99322179D93300B27A6F /* MBProgressHUD+MBProgressHUD_Util.h */ = {isa = PBXFileReference; fileEncoding = 4; lastKnownFileType = sourcecode.c.h; path = "MBProgressHUD+MBProgressHUD_Util.h"; sourceTree = "<group>"; };
		A9DA99332179D93400B27A6F /* MBProgressHUD+MBProgressHUD_Util.m */ = {isa = PBXFileReference; fileEncoding = 4; lastKnownFileType = sourcecode.c.objc; path = "MBProgressHUD+MBProgressHUD_Util.m"; sourceTree = "<group>"; };
		F6CC91CAE96AF03B3022C669 /* Pods-ListenToNBATests.release.xcconfig */ = {isa = PBXFileReference; includeInIndex = 1; lastKnownFileType = text.xcconfig; name = "Pods-ListenToNBATests.release.xcconfig"; path = "Pods/Target Support Files/Pods-ListenToNBATests/Pods-ListenToNBATests.release.xcconfig"; sourceTree = "<group>"; };
/* End PBXFileReference section */

/* Begin PBXFrameworksBuildPhase section */
		A9363D56219943DA006F9123 /* Frameworks */ = {
			isa = PBXFrameworksBuildPhase;
			buildActionMask = 2147483647;
			files = (
				A9363D5B219943DA006F9123 /* NotificationCenter.framework in Frameworks */,
			);
			runOnlyForDeploymentPostprocessing = 0;
		};
		A9DA98B12176CBAA00B27A6F /* Frameworks */ = {
			isa = PBXFrameworksBuildPhase;
			buildActionMask = 2147483647;
			files = (
				A9DA98EB2176D2F700B27A6F /* AVFoundation.framework in Frameworks */,
				E7697DA201CD6FDBD187AC13 /* libPods-ListenToNBA.a in Frameworks */,
			);
			runOnlyForDeploymentPostprocessing = 0;
		};
		A9DA98C92176CBAD00B27A6F /* Frameworks */ = {
			isa = PBXFrameworksBuildPhase;
			buildActionMask = 2147483647;
			files = (
				7C4AB910994D1AEF44723512 /* libPods-ListenToNBATests.a in Frameworks */,
			);
			runOnlyForDeploymentPostprocessing = 0;
		};
		A9DA98D42176CBAD00B27A6F /* Frameworks */ = {
			isa = PBXFrameworksBuildPhase;
			buildActionMask = 2147483647;
			files = (
				B99E26B445F32DED9B0C98CE /* libPods-ListenToNBAUITests.a in Frameworks */,
			);
			runOnlyForDeploymentPostprocessing = 0;
		};
/* End PBXFrameworksBuildPhase section */

/* Begin PBXGroup section */
		A9363D5C219943DA006F9123 /* LearnWidget */ = {
			isa = PBXGroup;
			children = (
				A9363D6C21995B3B006F9123 /* LearnWidget.entitlements */,
				A9363D5D219943DA006F9123 /* TodayViewController.h */,
				A9363D5E219943DA006F9123 /* TodayViewController.m */,
				A9363D60219943DA006F9123 /* MainInterface.storyboard */,
				A9363D63219943DA006F9123 /* Info.plist */,
				A92B5F0A219AA7BD00FBAA24 /* WidgetGameTableViewCell.h */,
				A92B5F0B219AA7BD00FBAA24 /* WidgetGameTableViewCell.m */,
				A92B5F0C219AA7BD00FBAA24 /* WidgetGameTableViewCell.xib */,
			);
			path = LearnWidget;
			sourceTree = "<group>";
		};
		A96E133D217DBD1500B604DD /* Base */ = {
			isa = PBXGroup;
			children = (
				A96E1341217DBD2000B604DD /* BaseNavgationViewController.h */,
				A96E1342217DBD2100B604DD /* BaseNavgationViewController.m */,
				A96E133F217DBD2000B604DD /* BaseViewController.h */,
				A96E133E217DBD1F00B604DD /* BaseViewController.m */,
				A96E1340217DBD2000B604DD /* UIViewController+PopBlock.h */,
				A96E1343217DBD2100B604DD /* UIViewController+PopBlock.m */,
			);
			path = Base;
			sourceTree = "<group>";
		};
		A96E1347217DC38100B604DD /* Web */ = {
			isa = PBXGroup;
			children = (
				A96E134B217DC3B600B604DD /* WebViewController.h */,
				A96E134C217DC3B600B604DD /* WebViewController.m */,
				A96E134D217DC3B600B604DD /* WebViewController.xib */,
			);
			path = Web;
			sourceTree = "<group>";
		};
		A96E1355217E003900B604DD /* BannerView */ = {
			isa = PBXGroup;
			children = (
				A96E1357217E005000B604DD /* HW3DBannerView.h */,
				A96E1356217E005000B604DD /* HW3DBannerView.m */,
				A96E1358217E005100B604DD /* UIView+Banner.h */,
				A96E1359217E005100B604DD /* UIView+Banner.m */,
			);
			path = BannerView;
			sourceTree = "<group>";
		};
		A9DA98AB2176CBAA00B27A6F = {
			isa = PBXGroup;
			children = (
				A9DA98B62176CBAA00B27A6F /* ListenToNBA */,
				A9DA98CF2176CBAD00B27A6F /* ListenToNBATests */,
				A9DA98DA2176CBAD00B27A6F /* ListenToNBAUITests */,
				A9363D5C219943DA006F9123 /* LearnWidget */,
				A9DA98B52176CBAA00B27A6F /* Products */,
				A9DA98E92176D2F700B27A6F /* Frameworks */,
				D3A1F5A3E7DF712BA83A9517 /* Pods */,
			);
			sourceTree = "<group>";
		};
		A9DA98B52176CBAA00B27A6F /* Products */ = {
			isa = PBXGroup;
			children = (
				A9DA98B42176CBAA00B27A6F /* ListenToNBA.app */,
				A9DA98CC2176CBAD00B27A6F /* ListenToNBATests.xctest */,
				A9DA98D72176CBAD00B27A6F /* ListenToNBAUITests.xctest */,
				A9363D59219943DA006F9123 /* LearnWidget.appex */,
			);
			name = Products;
			sourceTree = "<group>";
		};
		A9DA98B62176CBAA00B27A6F /* ListenToNBA */ = {
			isa = PBXGroup;
			children = (
				A9363D6B21994952006F9123 /* ListenToNBA.entitlements */,
				A96E133D217DBD1500B604DD /* Base */,
				A9DA9935217D67A900B27A6F /* Vender */,
				A9DA98FF2179BECF00B27A6F /* Category */,
				A9DA99212179BFA400B27A6F /* Class */,
				A9DA98B72176CBAA00B27A6F /* AppDelegate.h */,
				A9DA98B82176CBAA00B27A6F /* AppDelegate.m */,
				A9DA98BD2176CBAA00B27A6F /* Main.storyboard */,
				A9DA98C02176CBAC00B27A6F /* Assets.xcassets */,
				A9DA98C22176CBAC00B27A6F /* LaunchScreen.storyboard */,
				A9DA98C52176CBAC00B27A6F /* Info.plist */,
				A9DA98C62176CBAC00B27A6F /* main.m */,
				A9DA98FE2179BCCB00B27A6F /* PrefixHeader.pch */,
			);
			path = ListenToNBA;
			sourceTree = "<group>";
		};
		A9DA98CF2176CBAD00B27A6F /* ListenToNBATests */ = {
			isa = PBXGroup;
			children = (
				A9DA98D02176CBAD00B27A6F /* ListenToNBATests.m */,
				A9DA98D22176CBAD00B27A6F /* Info.plist */,
			);
			path = ListenToNBATests;
			sourceTree = "<group>";
		};
		A9DA98DA2176CBAD00B27A6F /* ListenToNBAUITests */ = {
			isa = PBXGroup;
			children = (
				A9DA98DB2176CBAD00B27A6F /* ListenToNBAUITests.m */,
				A9DA98DD2176CBAD00B27A6F /* Info.plist */,
			);
			path = ListenToNBAUITests;
			sourceTree = "<group>";
		};
		A9DA98E92176D2F700B27A6F /* Frameworks */ = {
			isa = PBXGroup;
			children = (
				A9DA98EA2176D2F700B27A6F /* AVFoundation.framework */,
				404759699FC8ECA5E928C43D /* libPods-ListenToNBA.a */,
				A048946AAF958D12BF8E40B5 /* libPods-ListenToNBATests.a */,
				360B3F959F7A76969B6346B2 /* libPods-ListenToNBAUITests.a */,
				A9363D5A219943DA006F9123 /* NotificationCenter.framework */,
			);
			name = Frameworks;
			sourceTree = "<group>";
		};
		A9DA98FF2179BECF00B27A6F /* Category */ = {
			isa = PBXGroup;
			children = (
				A9DA99322179D93300B27A6F /* MBProgressHUD+MBProgressHUD_Util.h */,
				A9DA99332179D93400B27A6F /* MBProgressHUD+MBProgressHUD_Util.m */,
				A9DA99002179BECF00B27A6F /* UIButton+Badge.h */,
				A9DA99012179BECF00B27A6F /* CommonUtil.m */,
				A9DA99022179BECF00B27A6F /* UIColor+Extension.h */,
				A9DA99032179BECF00B27A6F /* NSDate+Extension.h */,
				A9DA99042179BECF00B27A6F /* UIImage+Util.h */,
				A9DA99052179BECF00B27A6F /* UIView+Extension.h */,
				A9DA99062179BECF00B27A6F /* UIBarButtonItem+Extension.h */,
				A9DA99072179BECF00B27A6F /* UIImage+Extension.m */,
				A9DA99082179BECF00B27A6F /* NSString+Util.m */,
				A9DA99092179BECF00B27A6F /* UIButton+Util.h */,
				A9DA990A2179BECF00B27A6F /* UIImage+Util.m */,
				A9DA990B2179BECF00B27A6F /* NSDate+Extension.m */,
				A9DA990C2179BECF00B27A6F /* UIColor+Extension.m */,
				A9DA990D2179BECF00B27A6F /* CommonUtil.h */,
				A9DA990E2179BECF00B27A6F /* UIButton+Badge.m */,
				A9DA990F2179BECF00B27A6F /* NSString+Util.h */,
				A9DA99102179BECF00B27A6F /* UIImage+Extension.h */,
				A9DA99112179BECF00B27A6F /* UIBarButtonItem+Extension.m */,
				A9DA99122179BECF00B27A6F /* UIView+Extension.m */,
				A9DA99132179BECF00B27A6F /* UIButton+Util.m */,
			);
			path = Category;
			sourceTree = "<group>";
		};
		A9DA991E2179BED500B27A6F /* View */ = {
			isa = PBXGroup;
			children = (
				A9DA98F92179B5B300B27A6F /* GameTableViewCell.h */,
				A9DA98FA2179B5B300B27A6F /* GameTableViewCell.m */,
				A9DA98FB2179B5B300B27A6F /* GameTableViewCell.xib */,
			);
			path = View;
			sourceTree = "<group>";
		};
		A9DA991F2179BEE300B27A6F /* Model */ = {
			isa = PBXGroup;
			children = (
				A9DA99282179C31800B27A6F /* BaseModel.h */,
				A9DA99292179C31800B27A6F /* BaseModel.m */,
				A9DA992B2179C33300B27A6F /* GameModel.h */,
				A9DA992C2179C33300B27A6F /* GameModel.m */,
			);
			path = Model;
			sourceTree = "<group>";
		};
		A9DA99202179BF8200B27A6F /* Controller */ = {
			isa = PBXGroup;
			children = (
				A9DA99232179BFD300B27A6F /* HomeViewController.h */,
				A9DA99242179BFD300B27A6F /* HomeViewController.m */,
				A9DA99252179BFD300B27A6F /* HomeViewController.xib */,
			);
			path = Controller;
			sourceTree = "<group>";
		};
		A9DA99212179BFA400B27A6F /* Class */ = {
			isa = PBXGroup;
			children = (
				A96E1347217DC38100B604DD /* Web */,
				A9DA99222179BFB200B27A6F /* Home */,
				A9DA992E2179D3C900B27A6F /* Live */,
			);
			path = Class;
			sourceTree = "<group>";
		};
		A9DA99222179BFB200B27A6F /* Home */ = {
			isa = PBXGroup;
			children = (
				A9DA99202179BF8200B27A6F /* Controller */,
				A9DA991F2179BEE300B27A6F /* Model */,
				A9DA991E2179BED500B27A6F /* View */,
			);
			path = Home;
			sourceTree = "<group>";
		};
		A9DA992E2179D3C900B27A6F /* Live */ = {
			isa = PBXGroup;
			children = (
				A9DA992F2179D51800B27A6F /* LiveViewController.h */,
				A9DA99302179D51800B27A6F /* LiveViewController.m */,
			);
			path = Live;
			sourceTree = "<group>";
		};
		A9DA9935217D67A900B27A6F /* Vender */ = {
			isa = PBXGroup;
			children = (
				A96E1355217E003900B604DD /* BannerView */,
			);
			path = Vender;
			sourceTree = "<group>";
		};
		D3A1F5A3E7DF712BA83A9517 /* Pods */ = {
			isa = PBXGroup;
			children = (
				59CBAB5FF31108D3B53E3827 /* Pods-ListenToNBA.debug.xcconfig */,
				0B841110570B5DEC7114630D /* Pods-ListenToNBA.release.xcconfig */,
				6ED66EA4F66EFE964D2E5C68 /* Pods-ListenToNBATests.debug.xcconfig */,
				F6CC91CAE96AF03B3022C669 /* Pods-ListenToNBATests.release.xcconfig */,
				2D2C428CF2697A57F94B8546 /* Pods-ListenToNBAUITests.debug.xcconfig */,
				127E833513C995FE11038B46 /* Pods-ListenToNBAUITests.release.xcconfig */,
			);
			name = Pods;
			sourceTree = "<group>";
		};
/* End PBXGroup section */

/* Begin PBXNativeTarget section */
		A9363D58219943DA006F9123 /* LearnWidget */ = {
			isa = PBXNativeTarget;
			buildConfigurationList = A9363D69219943DA006F9123 /* Build configuration list for PBXNativeTarget "LearnWidget" */;
			buildPhases = (
				A9363D55219943DA006F9123 /* Sources */,
				A9363D56219943DA006F9123 /* Frameworks */,
				A9363D57219943DA006F9123 /* Resources */,
			);
			buildRules = (
			);
			dependencies = (
			);
			name = LearnWidget;
			productName = LearnWidget;
			productReference = A9363D59219943DA006F9123 /* LearnWidget.appex */;
			productType = "com.apple.product-type.app-extension";
		};
		A9DA98B32176CBAA00B27A6F /* ListenToNBA */ = {
			isa = PBXNativeTarget;
			buildConfigurationList = A9DA98E02176CBAD00B27A6F /* Build configuration list for PBXNativeTarget "ListenToNBA" */;
			buildPhases = (
				1B12ED51247AB2269D189F5D /* [CP] Check Pods Manifest.lock */,
				A9DA98B02176CBAA00B27A6F /* Sources */,
				A9DA98B12176CBAA00B27A6F /* Frameworks */,
				A9DA98B22176CBAA00B27A6F /* Resources */,
				F93CB53B817828CB4C8D408B /* [CP] Embed Pods Frameworks */,
				B92AD070D3815E4DFECCA4C4 /* [CP] Copy Pods Resources */,
				A9363D6A219943DA006F9123 /* Embed App Extensions */,
			);
			buildRules = (
			);
			dependencies = (
				A9363D65219943DA006F9123 /* PBXTargetDependency */,
			);
			name = ListenToNBA;
			productName = ListenToNBA;
			productReference = A9DA98B42176CBAA00B27A6F /* ListenToNBA.app */;
			productType = "com.apple.product-type.application";
		};
		A9DA98CB2176CBAD00B27A6F /* ListenToNBATests */ = {
			isa = PBXNativeTarget;
			buildConfigurationList = A9DA98E32176CBAD00B27A6F /* Build configuration list for PBXNativeTarget "ListenToNBATests" */;
			buildPhases = (
				29F5078C8BF2350D83989C64 /* [CP] Check Pods Manifest.lock */,
				A9DA98C82176CBAD00B27A6F /* Sources */,
				A9DA98C92176CBAD00B27A6F /* Frameworks */,
				A9DA98CA2176CBAD00B27A6F /* Resources */,
				38DB7D025F38A241FE1555DE /* [CP] Embed Pods Frameworks */,
				0D2317E403C4D97B02F8AEAA /* [CP] Copy Pods Resources */,
			);
			buildRules = (
			);
			dependencies = (
				A9DA98CE2176CBAD00B27A6F /* PBXTargetDependency */,
			);
			name = ListenToNBATests;
			productName = ListenToNBATests;
			productReference = A9DA98CC2176CBAD00B27A6F /* ListenToNBATests.xctest */;
			productType = "com.apple.product-type.bundle.unit-test";
		};
		A9DA98D62176CBAD00B27A6F /* ListenToNBAUITests */ = {
			isa = PBXNativeTarget;
			buildConfigurationList = A9DA98E62176CBAD00B27A6F /* Build configuration list for PBXNativeTarget "ListenToNBAUITests" */;
			buildPhases = (
				14610FA4E2DC891543465AB9 /* [CP] Check Pods Manifest.lock */,
				A9DA98D32176CBAD00B27A6F /* Sources */,
				A9DA98D42176CBAD00B27A6F /* Frameworks */,
				A9DA98D52176CBAD00B27A6F /* Resources */,
				FF3FCB371E32DE9AD41E68CD /* [CP] Embed Pods Frameworks */,
				35843A7EB63DE96B4700B2B9 /* [CP] Copy Pods Resources */,
			);
			buildRules = (
			);
			dependencies = (
				A9DA98D92176CBAD00B27A6F /* PBXTargetDependency */,
			);
			name = ListenToNBAUITests;
			productName = ListenToNBAUITests;
			productReference = A9DA98D72176CBAD00B27A6F /* ListenToNBAUITests.xctest */;
			productType = "com.apple.product-type.bundle.ui-testing";
		};
/* End PBXNativeTarget section */

/* Begin PBXProject section */
		A9DA98AC2176CBAA00B27A6F /* Project object */ = {
			isa = PBXProject;
			attributes = {
				LastUpgradeCheck = 0940;
				ORGANIZATIONNAME = Roder;
				TargetAttributes = {
					A9363D58219943DA006F9123 = {
						CreatedOnToolsVersion = 9.4.1;
						SystemCapabilities = {
							com.apple.ApplicationGroups.iOS = {
								enabled = 1;
							};
						};
					};
					A9DA98B32176CBAA00B27A6F = {
						CreatedOnToolsVersion = 9.4.1;
						SystemCapabilities = {
							com.apple.ApplicationGroups.iOS = {
								enabled = 1;
							};
							com.apple.BackgroundModes = {
								enabled = 1;
							};
						};
					};
					A9DA98CB2176CBAD00B27A6F = {
						CreatedOnToolsVersion = 9.4.1;
						TestTargetID = A9DA98B32176CBAA00B27A6F;
					};
					A9DA98D62176CBAD00B27A6F = {
						CreatedOnToolsVersion = 9.4.1;
						TestTargetID = A9DA98B32176CBAA00B27A6F;
					};
				};
			};
			buildConfigurationList = A9DA98AF2176CBAA00B27A6F /* Build configuration list for PBXProject "ListenToNBA" */;
			compatibilityVersion = "Xcode 9.3";
			developmentRegion = en;
			hasScannedForEncodings = 0;
			knownRegions = (
				en,
				Base,
			);
			mainGroup = A9DA98AB2176CBAA00B27A6F;
			productRefGroup = A9DA98B52176CBAA00B27A6F /* Products */;
			projectDirPath = "";
			projectRoot = "";
			targets = (
				A9DA98B32176CBAA00B27A6F /* ListenToNBA */,
				A9DA98CB2176CBAD00B27A6F /* ListenToNBATests */,
				A9DA98D62176CBAD00B27A6F /* ListenToNBAUITests */,
				A9363D58219943DA006F9123 /* LearnWidget */,
			);
		};
/* End PBXProject section */

/* Begin PBXResourcesBuildPhase section */
		A9363D57219943DA006F9123 /* Resources */ = {
			isa = PBXResourcesBuildPhase;
			buildActionMask = 2147483647;
			files = (
				A9363D62219943DA006F9123 /* MainInterface.storyboard in Resources */,
				A92B5F0F219AAD9D00FBAA24 /* Assets.xcassets in Resources */,
				A92B5F0E219AA7BD00FBAA24 /* WidgetGameTableViewCell.xib in Resources */,
			);
			runOnlyForDeploymentPostprocessing = 0;
		};
		A9DA98B22176CBAA00B27A6F /* Resources */ = {
			isa = PBXResourcesBuildPhase;
			buildActionMask = 2147483647;
			files = (
				A9DA98C42176CBAC00B27A6F /* LaunchScreen.storyboard in Resources */,
				A9DA98C12176CBAC00B27A6F /* Assets.xcassets in Resources */,
				A9DA99272179BFD300B27A6F /* HomeViewController.xib in Resources */,
				A96E134F217DC3B600B604DD /* WebViewController.xib in Resources */,
				A9DA98BF2176CBAA00B27A6F /* Main.storyboard in Resources */,
				A9DA98FD2179B5B300B27A6F /* GameTableViewCell.xib in Resources */,
			);
			runOnlyForDeploymentPostprocessing = 0;
		};
		A9DA98CA2176CBAD00B27A6F /* Resources */ = {
			isa = PBXResourcesBuildPhase;
			buildActionMask = 2147483647;
			files = (
			);
			runOnlyForDeploymentPostprocessing = 0;
		};
		A9DA98D52176CBAD00B27A6F /* Resources */ = {
			isa = PBXResourcesBuildPhase;
			buildActionMask = 2147483647;
			files = (
			);
			runOnlyForDeploymentPostprocessing = 0;
		};
/* End PBXResourcesBuildPhase section */

/* Begin PBXShellScriptBuildPhase section */
		0D2317E403C4D97B02F8AEAA /* [CP] Copy Pods Resources */ = {
			isa = PBXShellScriptBuildPhase;
			buildActionMask = 2147483647;
			files = (
			);
			inputPaths = (
			);
			name = "[CP] Copy Pods Resources";
			outputPaths = (
			);
			runOnlyForDeploymentPostprocessing = 0;
			shellPath = /bin/sh;
			shellScript = "\"${SRCROOT}/Pods/Target Support Files/Pods-ListenToNBATests/Pods-ListenToNBATests-resources.sh\"\n";
			showEnvVarsInLog = 0;
		};
		14610FA4E2DC891543465AB9 /* [CP] Check Pods Manifest.lock */ = {
			isa = PBXShellScriptBuildPhase;
			buildActionMask = 2147483647;
			files = (
			);
			inputPaths = (
				"${PODS_PODFILE_DIR_PATH}/Podfile.lock",
				"${PODS_ROOT}/Manifest.lock",
			);
			name = "[CP] Check Pods Manifest.lock";
			outputPaths = (
				"$(DERIVED_FILE_DIR)/Pods-ListenToNBAUITests-checkManifestLockResult.txt",
			);
			runOnlyForDeploymentPostprocessing = 0;
			shellPath = /bin/sh;
			shellScript = "diff \"${PODS_PODFILE_DIR_PATH}/Podfile.lock\" \"${PODS_ROOT}/Manifest.lock\" > /dev/null\nif [ $? != 0 ] ; then\n    # print error to STDERR\n    echo \"error: The sandbox is not in sync with the Podfile.lock. Run 'pod install' or update your CocoaPods installation.\" >&2\n    exit 1\nfi\n# This output is used by Xcode 'outputs' to avoid re-running this script phase.\necho \"SUCCESS\" > \"${SCRIPT_OUTPUT_FILE_0}\"\n";
			showEnvVarsInLog = 0;
		};
		1B12ED51247AB2269D189F5D /* [CP] Check Pods Manifest.lock */ = {
			isa = PBXShellScriptBuildPhase;
			buildActionMask = 2147483647;
			files = (
			);
			inputPaths = (
				"${PODS_PODFILE_DIR_PATH}/Podfile.lock",
				"${PODS_ROOT}/Manifest.lock",
			);
			name = "[CP] Check Pods Manifest.lock";
			outputPaths = (
				"$(DERIVED_FILE_DIR)/Pods-ListenToNBA-checkManifestLockResult.txt",
			);
			runOnlyForDeploymentPostprocessing = 0;
			shellPath = /bin/sh;
			shellScript = "diff \"${PODS_PODFILE_DIR_PATH}/Podfile.lock\" \"${PODS_ROOT}/Manifest.lock\" > /dev/null\nif [ $? != 0 ] ; then\n    # print error to STDERR\n    echo \"error: The sandbox is not in sync with the Podfile.lock. Run 'pod install' or update your CocoaPods installation.\" >&2\n    exit 1\nfi\n# This output is used by Xcode 'outputs' to avoid re-running this script phase.\necho \"SUCCESS\" > \"${SCRIPT_OUTPUT_FILE_0}\"\n";
			showEnvVarsInLog = 0;
		};
		29F5078C8BF2350D83989C64 /* [CP] Check Pods Manifest.lock */ = {
			isa = PBXShellScriptBuildPhase;
			buildActionMask = 2147483647;
			files = (
			);
			inputPaths = (
				"${PODS_PODFILE_DIR_PATH}/Podfile.lock",
				"${PODS_ROOT}/Manifest.lock",
			);
			name = "[CP] Check Pods Manifest.lock";
			outputPaths = (
				"$(DERIVED_FILE_DIR)/Pods-ListenToNBATests-checkManifestLockResult.txt",
			);
			runOnlyForDeploymentPostprocessing = 0;
			shellPath = /bin/sh;
			shellScript = "diff \"${PODS_PODFILE_DIR_PATH}/Podfile.lock\" \"${PODS_ROOT}/Manifest.lock\" > /dev/null\nif [ $? != 0 ] ; then\n    # print error to STDERR\n    echo \"error: The sandbox is not in sync with the Podfile.lock. Run 'pod install' or update your CocoaPods installation.\" >&2\n    exit 1\nfi\n# This output is used by Xcode 'outputs' to avoid re-running this script phase.\necho \"SUCCESS\" > \"${SCRIPT_OUTPUT_FILE_0}\"\n";
			showEnvVarsInLog = 0;
		};
		35843A7EB63DE96B4700B2B9 /* [CP] Copy Pods Resources */ = {
			isa = PBXShellScriptBuildPhase;
			buildActionMask = 2147483647;
			files = (
			);
			inputPaths = (
			);
			name = "[CP] Copy Pods Resources";
			outputPaths = (
			);
			runOnlyForDeploymentPostprocessing = 0;
			shellPath = /bin/sh;
			shellScript = "\"${SRCROOT}/Pods/Target Support Files/Pods-ListenToNBAUITests/Pods-ListenToNBAUITests-resources.sh\"\n";
			showEnvVarsInLog = 0;
		};
		38DB7D025F38A241FE1555DE /* [CP] Embed Pods Frameworks */ = {
			isa = PBXShellScriptBuildPhase;
			buildActionMask = 2147483647;
			files = (
			);
			inputPaths = (
			);
			name = "[CP] Embed Pods Frameworks";
			outputPaths = (
			);
			runOnlyForDeploymentPostprocessing = 0;
			shellPath = /bin/sh;
			shellScript = "\"${SRCROOT}/Pods/Target Support Files/Pods-ListenToNBATests/Pods-ListenToNBATests-frameworks.sh\"\n";
			showEnvVarsInLog = 0;
		};
		B92AD070D3815E4DFECCA4C4 /* [CP] Copy Pods Resources */ = {
			isa = PBXShellScriptBuildPhase;
			buildActionMask = 2147483647;
			files = (
			);
			inputPaths = (
				"${SRCROOT}/Pods/Target Support Files/Pods-ListenToNBA/Pods-ListenToNBA-resources.sh",
				"${PODS_ROOT}/AVOSCloud/AVOS/AVOSCloud/AVOSCloud_Art.inc",
				"${PODS_ROOT}/MJRefresh/MJRefresh/MJRefresh.bundle",
			);
			name = "[CP] Copy Pods Resources";
			outputPaths = (
				"${TARGET_BUILD_DIR}/${UNLOCALIZED_RESOURCES_FOLDER_PATH}/AVOSCloud_Art.inc",
				"${TARGET_BUILD_DIR}/${UNLOCALIZED_RESOURCES_FOLDER_PATH}/MJRefresh.bundle",
			);
			runOnlyForDeploymentPostprocessing = 0;
			shellPath = /bin/sh;
			shellScript = "\"${SRCROOT}/Pods/Target Support Files/Pods-ListenToNBA/Pods-ListenToNBA-resources.sh\"\n";
			showEnvVarsInLog = 0;
		};
		F93CB53B817828CB4C8D408B /* [CP] Embed Pods Frameworks */ = {
			isa = PBXShellScriptBuildPhase;
			buildActionMask = 2147483647;
			files = (
			);
			inputPaths = (
			);
			name = "[CP] Embed Pods Frameworks";
			outputPaths = (
			);
			runOnlyForDeploymentPostprocessing = 0;
			shellPath = /bin/sh;
			shellScript = "\"${SRCROOT}/Pods/Target Support Files/Pods-ListenToNBA/Pods-ListenToNBA-frameworks.sh\"\n";
			showEnvVarsInLog = 0;
		};
		FF3FCB371E32DE9AD41E68CD /* [CP] Embed Pods Frameworks */ = {
			isa = PBXShellScriptBuildPhase;
			buildActionMask = 2147483647;
			files = (
			);
			inputPaths = (
			);
			name = "[CP] Embed Pods Frameworks";
			outputPaths = (
			);
			runOnlyForDeploymentPostprocessing = 0;
			shellPath = /bin/sh;
			shellScript = "\"${SRCROOT}/Pods/Target Support Files/Pods-ListenToNBAUITests/Pods-ListenToNBAUITests-frameworks.sh\"\n";
			showEnvVarsInLog = 0;
		};
/* End PBXShellScriptBuildPhase section */

/* Begin PBXSourcesBuildPhase section */
		A9363D55219943DA006F9123 /* Sources */ = {
			isa = PBXSourcesBuildPhase;
			buildActionMask = 2147483647;
			files = (
				A9363D5F219943DA006F9123 /* TodayViewController.m in Sources */,
				A92B5F0D219AA7BD00FBAA24 /* WidgetGameTableViewCell.m in Sources */,
			);
			runOnlyForDeploymentPostprocessing = 0;
		};
		A9DA98B02176CBAA00B27A6F /* Sources */ = {
			isa = PBXSourcesBuildPhase;
			buildActionMask = 2147483647;
			files = (
				A9DA991B2179BECF00B27A6F /* UIBarButtonItem+Extension.m in Sources */,
				A9DA99142179BECF00B27A6F /* CommonUtil.m in Sources */,
				A9DA992A2179C31800B27A6F /* BaseModel.m in Sources */,
				A9DA991C2179BECF00B27A6F /* UIView+Extension.m in Sources */,
				A9DA991A2179BECF00B27A6F /* UIButton+Badge.m in Sources */,
				A9DA992D2179C33300B27A6F /* GameModel.m in Sources */,
				A96E1346217DBD2100B604DD /* UIViewController+PopBlock.m in Sources */,
				A96E135B217E005100B604DD /* UIView+Banner.m in Sources */,
				A9DA98C72176CBAC00B27A6F /* main.m in Sources */,
				A9DA99172179BECF00B27A6F /* UIImage+Util.m in Sources */,
				A9DA99162179BECF00B27A6F /* NSString+Util.m in Sources */,
				A96E135A217E005100B604DD /* HW3DBannerView.m in Sources */,
				A9DA99262179BFD300B27A6F /* HomeViewController.m in Sources */,
				A9DA99312179D51800B27A6F /* LiveViewController.m in Sources */,
				A9DA99152179BECF00B27A6F /* UIImage+Extension.m in Sources */,
				A96E1345217DBD2100B604DD /* BaseNavgationViewController.m in Sources */,
				A9DA98B92176CBAA00B27A6F /* AppDelegate.m in Sources */,
				A9DA99192179BECF00B27A6F /* UIColor+Extension.m in Sources */,
				A9DA991D2179BECF00B27A6F /* UIButton+Util.m in Sources */,
				A96E134E217DC3B600B604DD /* WebViewController.m in Sources */,
				A9DA98FC2179B5B300B27A6F /* GameTableViewCell.m in Sources */,
				A9DA99182179BECF00B27A6F /* NSDate+Extension.m in Sources */,
				A96E1344217DBD2100B604DD /* BaseViewController.m in Sources */,
				A9DA99342179D93400B27A6F /* MBProgressHUD+MBProgressHUD_Util.m in Sources */,
			);
			runOnlyForDeploymentPostprocessing = 0;
		};
		A9DA98C82176CBAD00B27A6F /* Sources */ = {
			isa = PBXSourcesBuildPhase;
			buildActionMask = 2147483647;
			files = (
				A9DA98D12176CBAD00B27A6F /* ListenToNBATests.m in Sources */,
			);
			runOnlyForDeploymentPostprocessing = 0;
		};
		A9DA98D32176CBAD00B27A6F /* Sources */ = {
			isa = PBXSourcesBuildPhase;
			buildActionMask = 2147483647;
			files = (
				A9DA98DC2176CBAD00B27A6F /* ListenToNBAUITests.m in Sources */,
			);
			runOnlyForDeploymentPostprocessing = 0;
		};
/* End PBXSourcesBuildPhase section */

/* Begin PBXTargetDependency section */
		A9363D65219943DA006F9123 /* PBXTargetDependency */ = {
			isa = PBXTargetDependency;
			target = A9363D58219943DA006F9123 /* LearnWidget */;
			targetProxy = A9363D64219943DA006F9123 /* PBXContainerItemProxy */;
		};
		A9DA98CE2176CBAD00B27A6F /* PBXTargetDependency */ = {
			isa = PBXTargetDependency;
			target = A9DA98B32176CBAA00B27A6F /* ListenToNBA */;
			targetProxy = A9DA98CD2176CBAD00B27A6F /* PBXContainerItemProxy */;
		};
		A9DA98D92176CBAD00B27A6F /* PBXTargetDependency */ = {
			isa = PBXTargetDependency;
			target = A9DA98B32176CBAA00B27A6F /* ListenToNBA */;
			targetProxy = A9DA98D82176CBAD00B27A6F /* PBXContainerItemProxy */;
		};
/* End PBXTargetDependency section */

/* Begin PBXVariantGroup section */
		A9363D60219943DA006F9123 /* MainInterface.storyboard */ = {
			isa = PBXVariantGroup;
			children = (
				A9363D61219943DA006F9123 /* Base */,
			);
			name = MainInterface.storyboard;
			sourceTree = "<group>";
		};
		A9DA98BD2176CBAA00B27A6F /* Main.storyboard */ = {
			isa = PBXVariantGroup;
			children = (
				A9DA98BE2176CBAA00B27A6F /* Base */,
			);
			name = Main.storyboard;
			sourceTree = "<group>";
		};
		A9DA98C22176CBAC00B27A6F /* LaunchScreen.storyboard */ = {
			isa = PBXVariantGroup;
			children = (
				A9DA98C32176CBAC00B27A6F /* Base */,
			);
			name = LaunchScreen.storyboard;
			sourceTree = "<group>";
		};
/* End PBXVariantGroup section */

/* Begin XCBuildConfiguration section */
		A9363D67219943DA006F9123 /* Debug */ = {
			isa = XCBuildConfiguration;
			buildSettings = {
				CODE_SIGN_ENTITLEMENTS = LearnWidget/LearnWidget.entitlements;
				CODE_SIGN_STYLE = Automatic;
				DEVELOPMENT_TEAM = 72NERP758N;
				INFOPLIST_FILE = LearnWidget/Info.plist;
				LD_RUNPATH_SEARCH_PATHS = (
					"$(inherited)",
					"@executable_path/Frameworks",
					"@executable_path/../../Frameworks",
				);
				PRODUCT_BUNDLE_IDENTIFIER = com.roder.listennba.LearnWidget;
				PRODUCT_NAME = "$(TARGET_NAME)";
				SKIP_INSTALL = YES;
				TARGETED_DEVICE_FAMILY = "1,2";
			};
			name = Debug;
		};
		A9363D68219943DA006F9123 /* Release */ = {
			isa = XCBuildConfiguration;
			buildSettings = {
				CODE_SIGN_ENTITLEMENTS = LearnWidget/LearnWidget.entitlements;
				CODE_SIGN_STYLE = Automatic;
				DEVELOPMENT_TEAM = 72NERP758N;
				INFOPLIST_FILE = LearnWidget/Info.plist;
				LD_RUNPATH_SEARCH_PATHS = (
					"$(inherited)",
					"@executable_path/Frameworks",
					"@executable_path/../../Frameworks",
				);
				PRODUCT_BUNDLE_IDENTIFIER = com.roder.listennba.LearnWidget;
				PRODUCT_NAME = "$(TARGET_NAME)";
				SKIP_INSTALL = YES;
				TARGETED_DEVICE_FAMILY = "1,2";
			};
			name = Release;
		};
		A9DA98DE2176CBAD00B27A6F /* Debug */ = {
			isa = XCBuildConfiguration;
			buildSettings = {
				ALWAYS_SEARCH_USER_PATHS = NO;
				CLANG_ANALYZER_NONNULL = YES;
				CLANG_ANALYZER_NUMBER_OBJECT_CONVERSION = YES_AGGRESSIVE;
				CLANG_CXX_LANGUAGE_STANDARD = "gnu++14";
				CLANG_CXX_LIBRARY = "libc++";
				CLANG_ENABLE_MODULES = YES;
				CLANG_ENABLE_OBJC_ARC = YES;
				CLANG_ENABLE_OBJC_WEAK = YES;
				CLANG_WARN_BLOCK_CAPTURE_AUTORELEASING = YES;
				CLANG_WARN_BOOL_CONVERSION = YES;
				CLANG_WARN_COMMA = YES;
				CLANG_WARN_CONSTANT_CONVERSION = YES;
				CLANG_WARN_DEPRECATED_OBJC_IMPLEMENTATIONS = YES;
				CLANG_WARN_DIRECT_OBJC_ISA_USAGE = YES_ERROR;
				CLANG_WARN_DOCUMENTATION_COMMENTS = YES;
				CLANG_WARN_EMPTY_BODY = YES;
				CLANG_WARN_ENUM_CONVERSION = YES;
				CLANG_WARN_INFINITE_RECURSION = YES;
				CLANG_WARN_INT_CONVERSION = YES;
				CLANG_WARN_NON_LITERAL_NULL_CONVERSION = YES;
				CLANG_WARN_OBJC_IMPLICIT_RETAIN_SELF = YES;
				CLANG_WARN_OBJC_LITERAL_CONVERSION = YES;
				CLANG_WARN_OBJC_ROOT_CLASS = YES_ERROR;
				CLANG_WARN_RANGE_LOOP_ANALYSIS = YES;
				CLANG_WARN_STRICT_PROTOTYPES = YES;
				CLANG_WARN_SUSPICIOUS_MOVE = YES;
				CLANG_WARN_UNGUARDED_AVAILABILITY = YES_AGGRESSIVE;
				CLANG_WARN_UNREACHABLE_CODE = YES;
				CLANG_WARN__DUPLICATE_METHOD_MATCH = YES;
				CODE_SIGN_IDENTITY = "iPhone Developer";
				COPY_PHASE_STRIP = NO;
				DEBUG_INFORMATION_FORMAT = dwarf;
				ENABLE_STRICT_OBJC_MSGSEND = YES;
				ENABLE_TESTABILITY = YES;
				GCC_C_LANGUAGE_STANDARD = gnu11;
				GCC_DYNAMIC_NO_PIC = NO;
				GCC_NO_COMMON_BLOCKS = YES;
				GCC_OPTIMIZATION_LEVEL = 0;
				GCC_PREPROCESSOR_DEFINITIONS = (
					"DEBUG=1",
					"$(inherited)",
				);
				GCC_WARN_64_TO_32_BIT_CONVERSION = YES;
				GCC_WARN_ABOUT_RETURN_TYPE = YES_ERROR;
				GCC_WARN_UNDECLARED_SELECTOR = YES;
				GCC_WARN_UNINITIALIZED_AUTOS = YES_AGGRESSIVE;
				GCC_WARN_UNUSED_FUNCTION = YES;
				GCC_WARN_UNUSED_VARIABLE = YES;
				IPHONEOS_DEPLOYMENT_TARGET = 11.4;
				MTL_ENABLE_DEBUG_INFO = YES;
				ONLY_ACTIVE_ARCH = YES;
				SDKROOT = iphoneos;
			};
			name = Debug;
		};
		A9DA98DF2176CBAD00B27A6F /* Release */ = {
			isa = XCBuildConfiguration;
			buildSettings = {
				ALWAYS_SEARCH_USER_PATHS = NO;
				CLANG_ANALYZER_NONNULL = YES;
				CLANG_ANALYZER_NUMBER_OBJECT_CONVERSION = YES_AGGRESSIVE;
				CLANG_CXX_LANGUAGE_STANDARD = "gnu++14";
				CLANG_CXX_LIBRARY = "libc++";
				CLANG_ENABLE_MODULES = YES;
				CLANG_ENABLE_OBJC_ARC = YES;
				CLANG_ENABLE_OBJC_WEAK = YES;
				CLANG_WARN_BLOCK_CAPTURE_AUTORELEASING = YES;
				CLANG_WARN_BOOL_CONVERSION = YES;
				CLANG_WARN_COMMA = YES;
				CLANG_WARN_CONSTANT_CONVERSION = YES;
				CLANG_WARN_DEPRECATED_OBJC_IMPLEMENTATIONS = YES;
				CLANG_WARN_DIRECT_OBJC_ISA_USAGE = YES_ERROR;
				CLANG_WARN_DOCUMENTATION_COMMENTS = YES;
				CLANG_WARN_EMPTY_BODY = YES;
				CLANG_WARN_ENUM_CONVERSION = YES;
				CLANG_WARN_INFINITE_RECURSION = YES;
				CLANG_WARN_INT_CONVERSION = YES;
				CLANG_WARN_NON_LITERAL_NULL_CONVERSION = YES;
				CLANG_WARN_OBJC_IMPLICIT_RETAIN_SELF = YES;
				CLANG_WARN_OBJC_LITERAL_CONVERSION = YES;
				CLANG_WARN_OBJC_ROOT_CLASS = YES_ERROR;
				CLANG_WARN_RANGE_LOOP_ANALYSIS = YES;
				CLANG_WARN_STRICT_PROTOTYPES = YES;
				CLANG_WARN_SUSPICIOUS_MOVE = YES;
				CLANG_WARN_UNGUARDED_AVAILABILITY = YES_AGGRESSIVE;
				CLANG_WARN_UNREACHABLE_CODE = YES;
				CLANG_WARN__DUPLICATE_METHOD_MATCH = YES;
				CODE_SIGN_IDENTITY = "iPhone Developer";
				COPY_PHASE_STRIP = NO;
				DEBUG_INFORMATION_FORMAT = "dwarf-with-dsym";
				ENABLE_NS_ASSERTIONS = NO;
				ENABLE_STRICT_OBJC_MSGSEND = YES;
				GCC_C_LANGUAGE_STANDARD = gnu11;
				GCC_NO_COMMON_BLOCKS = YES;
				GCC_WARN_64_TO_32_BIT_CONVERSION = YES;
				GCC_WARN_ABOUT_RETURN_TYPE = YES_ERROR;
				GCC_WARN_UNDECLARED_SELECTOR = YES;
				GCC_WARN_UNINITIALIZED_AUTOS = YES_AGGRESSIVE;
				GCC_WARN_UNUSED_FUNCTION = YES;
				GCC_WARN_UNUSED_VARIABLE = YES;
				IPHONEOS_DEPLOYMENT_TARGET = 11.4;
				MTL_ENABLE_DEBUG_INFO = NO;
				SDKROOT = iphoneos;
				VALIDATE_PRODUCT = YES;
			};
			name = Release;
		};
		A9DA98E12176CBAD00B27A6F /* Debug */ = {
			isa = XCBuildConfiguration;
			baseConfigurationReference = 59CBAB5FF31108D3B53E3827 /* Pods-ListenToNBA.debug.xcconfig */;
			buildSettings = {
				ASSETCATALOG_COMPILER_APPICON_NAME = AppIcon;
				ASSETCATALOG_COMPILER_LAUNCHIMAGE_NAME = LaunchImage;
				CLANG_WARN_OBJC_IMPLICIT_RETAIN_SELF = NO;
				CODE_SIGN_ENTITLEMENTS = ListenToNBA/ListenToNBA.entitlements;
				CODE_SIGN_STYLE = Automatic;
				DEVELOPMENT_TEAM = 72NERP758N;
				GCC_PRECOMPILE_PREFIX_HEADER = NO;
				GCC_PREFIX_HEADER = "$(SRCROOT)/ListenToNBA/PrefixHeader.pch";
				INFOPLIST_FILE = ListenToNBA/Info.plist;
				LD_RUNPATH_SEARCH_PATHS = (
					"$(inherited)",
					"@executable_path/Frameworks",
				);
				PRODUCT_BUNDLE_IDENTIFIER = com.roder.listennba;
				PRODUCT_NAME = "$(TARGET_NAME)";
				TARGETED_DEVICE_FAMILY = "1,2";
			};
			name = Debug;
		};
		A9DA98E22176CBAD00B27A6F /* Release */ = {
			isa = XCBuildConfiguration;
			baseConfigurationReference = 0B841110570B5DEC7114630D /* Pods-ListenToNBA.release.xcconfig */;
			buildSettings = {
				ASSETCATALOG_COMPILER_APPICON_NAME = AppIcon;
				ASSETCATALOG_COMPILER_LAUNCHIMAGE_NAME = LaunchImage;
				CLANG_WARN_OBJC_IMPLICIT_RETAIN_SELF = NO;
				CODE_SIGN_ENTITLEMENTS = ListenToNBA/ListenToNBA.entitlements;
				CODE_SIGN_STYLE = Automatic;
				DEVELOPMENT_TEAM = 72NERP758N;
				GCC_PRECOMPILE_PREFIX_HEADER = NO;
				GCC_PREFIX_HEADER = "$(SRCROOT)/ListenToNBA/PrefixHeader.pch";
				INFOPLIST_FILE = ListenToNBA/Info.plist;
				LD_RUNPATH_SEARCH_PATHS = (
					"$(inherited)",
					"@executable_path/Frameworks",
				);
				PRODUCT_BUNDLE_IDENTIFIER = com.roder.listennba;
				PRODUCT_NAME = "$(TARGET_NAME)";
				TARGETED_DEVICE_FAMILY = "1,2";
			};
			name = Release;
		};
		A9DA98E42176CBAD00B27A6F /* Debug */ = {
			isa = XCBuildConfiguration;
			baseConfigurationReference = 6ED66EA4F66EFE964D2E5C68 /* Pods-ListenToNBATests.debug.xcconfig */;
			buildSettings = {
				BUNDLE_LOADER = "$(TEST_HOST)";
				CODE_SIGN_STYLE = Automatic;
				DEVELOPMENT_TEAM = 72NERP758N;
				INFOPLIST_FILE = ListenToNBATests/Info.plist;
				LD_RUNPATH_SEARCH_PATHS = (
					"$(inherited)",
					"@executable_path/Frameworks",
					"@loader_path/Frameworks",
				);
				PRODUCT_BUNDLE_IDENTIFIER = com.Roder.ListenToNBATests;
				PRODUCT_NAME = "$(TARGET_NAME)";
				TARGETED_DEVICE_FAMILY = "1,2";
				TEST_HOST = "$(BUILT_PRODUCTS_DIR)/ListenToNBA.app/ListenToNBA";
			};
			name = Debug;
		};
		A9DA98E52176CBAD00B27A6F /* Release */ = {
			isa = XCBuildConfiguration;
			baseConfigurationReference = F6CC91CAE96AF03B3022C669 /* Pods-ListenToNBATests.release.xcconfig */;
			buildSettings = {
				BUNDLE_LOADER = "$(TEST_HOST)";
				CODE_SIGN_STYLE = Automatic;
				DEVELOPMENT_TEAM = 72NERP758N;
				INFOPLIST_FILE = ListenToNBATests/Info.plist;
				LD_RUNPATH_SEARCH_PATHS = (
					"$(inherited)",
					"@executable_path/Frameworks",
					"@loader_path/Frameworks",
				);
				PRODUCT_BUNDLE_IDENTIFIER = com.Roder.ListenToNBATests;
				PRODUCT_NAME = "$(TARGET_NAME)";
				TARGETED_DEVICE_FAMILY = "1,2";
				TEST_HOST = "$(BUILT_PRODUCTS_DIR)/ListenToNBA.app/ListenToNBA";
			};
			name = Release;
		};
		A9DA98E72176CBAD00B27A6F /* Debug */ = {
			isa = XCBuildConfiguration;
			baseConfigurationReference = 2D2C428CF2697A57F94B8546 /* Pods-ListenToNBAUITests.debug.xcconfig */;
			buildSettings = {
				CODE_SIGN_STYLE = Automatic;
				DEVELOPMENT_TEAM = 72NERP758N;
				INFOPLIST_FILE = ListenToNBAUITests/Info.plist;
				LD_RUNPATH_SEARCH_PATHS = (
					"$(inherited)",
					"@executable_path/Frameworks",
					"@loader_path/Frameworks",
				);
				PRODUCT_BUNDLE_IDENTIFIER = com.Roder.ListenToNBAUITests;
				PRODUCT_NAME = "$(TARGET_NAME)";
				TARGETED_DEVICE_FAMILY = "1,2";
				TEST_TARGET_NAME = ListenToNBA;
			};
			name = Debug;
		};
		A9DA98E82176CBAD00B27A6F /* Release */ = {
			isa = XCBuildConfiguration;
			baseConfigurationReference = 127E833513C995FE11038B46 /* Pods-ListenToNBAUITests.release.xcconfig */;
			buildSettings = {
				CODE_SIGN_STYLE = Automatic;
				DEVELOPMENT_TEAM = 72NERP758N;
				INFOPLIST_FILE = ListenToNBAUITests/Info.plist;
				LD_RUNPATH_SEARCH_PATHS = (
					"$(inherited)",
					"@executable_path/Frameworks",
					"@loader_path/Frameworks",
				);
				PRODUCT_BUNDLE_IDENTIFIER = com.Roder.ListenToNBAUITests;
				PRODUCT_NAME = "$(TARGET_NAME)";
				TARGETED_DEVICE_FAMILY = "1,2";
				TEST_TARGET_NAME = ListenToNBA;
			};
			name = Release;
		};
/* End XCBuildConfiguration section */

/* Begin XCConfigurationList section */
		A9363D69219943DA006F9123 /* Build configuration list for PBXNativeTarget "LearnWidget" */ = {
			isa = XCConfigurationList;
			buildConfigurations = (
				A9363D67219943DA006F9123 /* Debug */,
				A9363D68219943DA006F9123 /* Release */,
			);
			defaultConfigurationIsVisible = 0;
			defaultConfigurationName = Release;
		};
		A9DA98AF2176CBAA00B27A6F /* Build configuration list for PBXProject "ListenToNBA" */ = {
			isa = XCConfigurationList;
			buildConfigurations = (
				A9DA98DE2176CBAD00B27A6F /* Debug */,
				A9DA98DF2176CBAD00B27A6F /* Release */,
			);
			defaultConfigurationIsVisible = 0;
			defaultConfigurationName = Release;
		};
		A9DA98E02176CBAD00B27A6F /* Build configuration list for PBXNativeTarget "ListenToNBA" */ = {
			isa = XCConfigurationList;
			buildConfigurations = (
				A9DA98E12176CBAD00B27A6F /* Debug */,
				A9DA98E22176CBAD00B27A6F /* Release */,
			);
			defaultConfigurationIsVisible = 0;
			defaultConfigurationName = Release;
		};
		A9DA98E32176CBAD00B27A6F /* Build configuration list for PBXNativeTarget "ListenToNBATests" */ = {
			isa = XCConfigurationList;
			buildConfigurations = (
				A9DA98E42176CBAD00B27A6F /* Debug */,
				A9DA98E52176CBAD00B27A6F /* Release */,
			);
			defaultConfigurationIsVisible = 0;
			defaultConfigurationName = Release;
		};
		A9DA98E62176CBAD00B27A6F /* Build configuration list for PBXNativeTarget "ListenToNBAUITests" */ = {
			isa = XCConfigurationList;
			buildConfigurations = (
				A9DA98E72176CBAD00B27A6F /* Debug */,
				A9DA98E82176CBAD00B27A6F /* Release */,
			);
			defaultConfigurationIsVisible = 0;
			defaultConfigurationName = Release;
		};
/* End XCConfigurationList section */
	};
	rootObject = A9DA98AC2176CBAA00B27A6F /* Project object */;
}
